
Microsoft Visual Studio Solution File, Format Version 12.00
# Visual Studio Version 17
VisualStudioVersion = 17.9.34616.47
MinimumVisualStudioVersion = 10.0.40219.1
Project("{FAE04EC0-301F-11D3-BF4B-00C04F79EFBC}") = "MVC", "MVC\MVC.csproj", "{F10020BF-27B5-4760-ADD7-CA6FD368955E}"
EndProject
Global
	GlobalSection(SolutionConfigurationPlatforms) = preSolution
		Debug|Any CPU = Debug|Any CPU
		Release|Any CPU = Release|Any CPU
	EndGlobalSection
	GlobalSection(ProjectConfigurationPlatforms) = postSolution
		{F10020BF-27B5-4760-ADD7-CA6FD368955E}.Debug|Any CPU.ActiveCfg = Debug|Any CPU
		{F10020BF-27B5-4760-ADD7-CA6FD368955E}.Debug|Any CPU.Build.0 = Debug|Any CPU
		{F10020BF-27B5-4760-ADD7-CA6FD368955E}.Release|Any CPU.ActiveCfg = Release|Any CPU
		{F10020BF-27B5-4760-ADD7-CA6FD368955E}.Release|Any CPU.Build.0 = Release|Any CPU
	EndGlobalSection
	GlobalSection(SolutionProperties) = preSolution
		HideSolutionNode = FALSE
	EndGlobalSection
	GlobalSection(ExtensibilityGlobals) = postSolution
		SolutionGuid = {FC6EFC78-BDAB-43EF-BC60-3D730CE43C49}
	EndGlobalSection
EndGlobal
